
Microsoft Visual Studio Solution File, Format Version 12.00
# Visual Studio Version 17
VisualStudioVersion = 17.10.34928.147
MinimumVisualStudioVersion = 10.0.40219.1
Project("{FAE04EC0-301F-11D3-BF4B-00C04F79EFBC}") = "Talabat_API", "Talabat_API\Talabat_API.csproj", "{262CF8DC-FB4D-43ED-949D-C50A29545DD6}"
EndProject
Project("{FAE04EC0-301F-11D3-BF4B-00C04F79EFBC}") = "Talabat_Core", "Talabat_Core\Talabat_Core.csproj", "{1A5C8BFD-EE5A-4553-867E-A500ACD9E00A}"
EndProject
Project("{FAE04EC0-301F-11D3-BF4B-00C04F79EFBC}") = "Talabat_Repository", "Talabat_Repository\Talabat_Repository.csproj", "{2A54FA27-6ADD-4BC0-91AF-646034C02927}"
EndProject
Project("{FAE04EC0-301F-11D3-BF4B-00C04F79EFBC}") = "Talabat_Service", "Talabat_Service\Talabat_Service.csproj", "{35766ACB-007C-4BCC-8B12-4220C83CB806}"
EndProject
Global
	GlobalSection(SolutionConfigurationPlatforms) = preSolution
		Debug|Any CPU = Debug|Any CPU
		Release|Any CPU = Release|Any CPU
	EndGlobalSection
	GlobalSection(ProjectConfigurationPlatforms) = postSolution
		{262CF8DC-FB4D-43ED-949D-C50A29545DD6}.Debug|Any CPU.ActiveCfg = Debug|Any CPU
		{262CF8DC-FB4D-43ED-949D-C50A29545DD6}.Debug|Any CPU.Build.0 = Debug|Any CPU
		{262CF8DC-FB4D-43ED-949D-C50A29545DD6}.Release|Any CPU.ActiveCfg = Release|Any CPU
		{262CF8DC-FB4D-43ED-949D-C50A29545DD6}.Release|Any CPU.Build.0 = Release|Any CPU
		{1A5C8BFD-EE5A-4553-867E-A500ACD9E00A}.Debug|Any CPU.ActiveCfg = Debug|Any CPU
		{1A5C8BFD-EE5A-4553-867E-A500ACD9E00A}.Debug|Any CPU.Build.0 = Debug|Any CPU
		{1A5C8BFD-EE5A-4553-867E-A500ACD9E00A}.Release|Any CPU.ActiveCfg = Release|Any CPU
		{1A5C8BFD-EE5A-4553-867E-A500ACD9E00A}.Release|Any CPU.Build.0 = Release|Any CPU
		{2A54FA27-6ADD-4BC0-91AF-646034C02927}.Debug|Any CPU.ActiveCfg = Debug|Any CPU
		{2A54FA27-6ADD-4BC0-91AF-646034C02927}.Debug|Any CPU.Build.0 = Debug|Any CPU
		{2A54FA27-6ADD-4BC0-91AF-646034C02927}.Release|Any CPU.ActiveCfg = Release|Any CPU
		{2A54FA27-6ADD-4BC0-91AF-646034C02927}.Release|Any CPU.Build.0 = Release|Any CPU
		{35766ACB-007C-4BCC-8B12-4220C83CB806}.Debug|Any CPU.ActiveCfg = Debug|Any CPU
		{35766ACB-007C-4BCC-8B12-4220C83CB806}.Debug|Any CPU.Build.0 = Debug|Any CPU
		{35766ACB-007C-4BCC-8B12-4220C83CB806}.Release|Any CPU.ActiveCfg = Release|Any CPU
		{35766ACB-007C-4BCC-8B12-4220C83CB806}.Release|Any CPU.Build.0 = Release|Any CPU
	EndGlobalSection
	GlobalSection(SolutionProperties) = preSolution
		HideSolutionNode = FALSE
	EndGlobalSection
	GlobalSection(ExtensibilityGlobals) = postSolution
		SolutionGuid = {03DB94AD-B1FD-402C-8E17-AE836655C648}
	EndGlobalSection
EndGlobal
